
Microsoft Visual Studio Solution File, Format Version 12.00
# Visual Studio Version 16
VisualStudioVersion = 16.0.30011.22
MinimumVisualStudioVersion = 10.0.40219.1
Project("{9A19103F-16F7-4668-BE54-9A1E7A4F7556}") = "WebApplication9", "WebApplication9\WebApplication9.csproj", "{B15AC186-BD45-484E-8219-4137FF25FE9D}"
EndProject
Project("{9A19103F-16F7-4668-BE54-9A1E7A4F7556}") = "APIControllers", "APIControllers\APIControllers\APIControllers.csproj", "{81049438-96CB-440E-B780-20BDF7E17D20}"
EndProject
Global
	GlobalSection(SolutionConfigurationPlatforms) = preSolution
		Debug|Any CPU = Debug|Any CPU
		Release|Any CPU = Release|Any CPU
	EndGlobalSection
	GlobalSection(ProjectConfigurationPlatforms) = postSolution
		{B15AC186-BD45-484E-8219-4137FF25FE9D}.Debug|Any CPU.ActiveCfg = Debug|Any CPU
		{B15AC186-BD45-484E-8219-4137FF25FE9D}.Debug|Any CPU.Build.0 = Debug|Any CPU
		{B15AC186-BD45-484E-8219-4137FF25FE9D}.Release|Any CPU.ActiveCfg = Release|Any CPU
		{B15AC186-BD45-484E-8219-4137FF25FE9D}.Release|Any CPU.Build.0 = Release|Any CPU
		{81049438-96CB-440E-B780-20BDF7E17D20}.Debug|Any CPU.ActiveCfg = Debug|Any CPU
		{81049438-96CB-440E-B780-20BDF7E17D20}.Debug|Any CPU.Build.0 = Debug|Any CPU
		{81049438-96CB-440E-B780-20BDF7E17D20}.Release|Any CPU.ActiveCfg = Release|Any CPU
		{81049438-96CB-440E-B780-20BDF7E17D20}.Release|Any CPU.Build.0 = Release|Any CPU
	EndGlobalSection
	GlobalSection(SolutionProperties) = preSolution
		HideSolutionNode = FALSE
	EndGlobalSection
	GlobalSection(ExtensibilityGlobals) = postSolution
		SolutionGuid = {81EDD244-511E-4074-916A-4055DE040D8C}
	EndGlobalSection
EndGlobal
